// !$*UTF8*$!
{
	archiveVersion = 1;
	classes = {
	};
	objectVersion = 46;
	objects = {

/* Begin PBXBuildFile section */
		470B166C193FE86100ED6C3E /* Foundation.framework in Frameworks */ = {isa = PBXBuildFile; fileRef = 470B166B193FE86100ED6C3E /* Foundation.framework */; };
		470B166E193FE86100ED6C3E /* CoreGraphics.framework in Frameworks */ = {isa = PBXBuildFile; fileRef = 470B166D193FE86100ED6C3E /* CoreGraphics.framework */; };
		470B1670193FE86100ED6C3E /* UIKit.framework in Frameworks */ = {isa = PBXBuildFile; fileRef = 470B166F193FE86100ED6C3E /* UIKit.framework */; };
		470B1676193FE86100ED6C3E /* InfoPlist.strings in Resources */ = {isa = PBXBuildFile; fileRef = 470B1674193FE86100ED6C3E /* InfoPlist.strings */; };
		470B1678193FE86100ED6C3E /* main.m in Sources */ = {isa = PBXBuildFile; fileRef = 470B1677193FE86100ED6C3E /* main.m */; };
		470B167C193FE86100ED6C3E /* AppDelegate.m in Sources */ = {isa = PBXBuildFile; fileRef = 470B167B193FE86100ED6C3E /* AppDelegate.m */; };
		470B167F193FE86100ED6C3E /* Main.storyboard in Resources */ = {isa = PBXBuildFile; fileRef = 470B167D193FE86100ED6C3E /* Main.storyboard */; };
		470B1682193FE86100ED6C3E /* ViewController.m in Sources */ = {isa = PBXBuildFile; fileRef = 470B1681193FE86100ED6C3E /* ViewController.m */; };
		470B1684193FE86100ED6C3E /* Images.xcassets in Resources */ = {isa = PBXBuildFile; fileRef = 470B1683193FE86100ED6C3E /* Images.xcassets */; };
		470B168B193FE86100ED6C3E /* XCTest.framework in Frameworks */ = {isa = PBXBuildFile; fileRef = 470B168A193FE86100ED6C3E /* XCTest.framework */; };
		470B168C193FE86100ED6C3E /* Foundation.framework in Frameworks */ = {isa = PBXBuildFile; fileRef = 470B166B193FE86100ED6C3E /* Foundation.framework */; };
		470B168D193FE86100ED6C3E /* UIKit.framework in Frameworks */ = {isa = PBXBuildFile; fileRef = 470B166F193FE86100ED6C3E /* UIKit.framework */; };
		470B1695193FE86100ED6C3E /* InfoPlist.strings in Resources */ = {isa = PBXBuildFile; fileRef = 470B1693193FE86100ED6C3E /* InfoPlist.strings */; };
		470B1697193FE86100ED6C3E /* Tap_MeTests.m in Sources */ = {isa = PBXBuildFile; fileRef = 470B1696193FE86100ED6C3E /* Tap_MeTests.m */; };
		4794376D19412A7800516917 /* bg_tile.png in Resources */ = {isa = PBXBuildFile; fileRef = 4794375C19412A7800516917 /* bg_tile.png */; };
		4794376E19412A7800516917 /* bg_tile@2x.png in Resources */ = {isa = PBXBuildFile; fileRef = 4794375D19412A7800516917 /* bg_tile@2x.png */; };
		4794376F19412A7800516917 /* button_tap_deselected.png in Resources */ = {isa = PBXBuildFile; fileRef = 4794375E19412A7800516917 /* button_tap_deselected.png */; };
		4794377019412A7800516917 /* button_tap_deselected@2x.png in Resources */ = {isa = PBXBuildFile; fileRef = 4794375F19412A7800516917 /* button_tap_deselected@2x.png */; };
		4794377119412A7800516917 /* button_tap_selected.png in Resources */ = {isa = PBXBuildFile; fileRef = 4794376019412A7800516917 /* button_tap_selected.png */; };
		4794377219412A7800516917 /* button_tap_selected@2x.png in Resources */ = {isa = PBXBuildFile; fileRef = 4794376119412A7800516917 /* button_tap_selected@2x.png */; };
		4794377319412A7800516917 /* ButtonTap.wav in Resources */ = {isa = PBXBuildFile; fileRef = 4794376219412A7800516917 /* ButtonTap.wav */; };
		4794377419412A7800516917 /* checker_bottom.png in Resources */ = {isa = PBXBuildFile; fileRef = 4794376319412A7800516917 /* checker_bottom.png */; };
		4794377519412A7800516917 /* checker_bottom@2x.png in Resources */ = {isa = PBXBuildFile; fileRef = 4794376419412A7800516917 /* checker_bottom@2x.png */; };
		4794377619412A7800516917 /* checker_top.png in Resources */ = {isa = PBXBuildFile; fileRef = 4794376519412A7800516917 /* checker_top.png */; };
		4794377719412A7800516917 /* checker_top@2x.png in Resources */ = {isa = PBXBuildFile; fileRef = 4794376619412A7800516917 /* checker_top@2x.png */; };
		4794377819412A7800516917 /* field_score.png in Resources */ = {isa = PBXBuildFile; fileRef = 4794376719412A7800516917 /* field_score.png */; };
		4794377919412A7800516917 /* field_score@2x.png in Resources */ = {isa = PBXBuildFile; fileRef = 4794376819412A7800516917 /* field_score@2x.png */; };
		4794377A19412A7800516917 /* field_time.png in Resources */ = {isa = PBXBuildFile; fileRef = 4794376919412A7800516917 /* field_time.png */; };
		4794377B19412A7800516917 /* field_time@2x.png in Resources */ = {isa = PBXBuildFile; fileRef = 4794376A19412A7800516917 /* field_time@2x.png */; };
		4794377C19412A7800516917 /* HallOfTheMountainKing.mp3 in Resources */ = {isa = PBXBuildFile; fileRef = 4794376B19412A7800516917 /* HallOfTheMountainKing.mp3 */; };
		4794377D19412A7800516917 /* SecondBeep.wav in Resources */ = {isa = PBXBuildFile; fileRef = 4794376C19412A7800516917 /* SecondBeep.wav */; };
		4794377F194131E200516917 /* AVFoundation.framework in Frameworks */ = {isa = PBXBuildFile; fileRef = 4794377E194131E200516917 /* AVFoundation.framework */; };
/* End PBXBuildFile section */

/* Begin PBXContainerItemProxy section */
		470B168E193FE86100ED6C3E /* PBXContainerItemProxy */ = {
			isa = PBXContainerItemProxy;
			containerPortal = 470B1660193FE86100ED6C3E /* Project object */;
			proxyType = 1;
			remoteGlobalIDString = 470B1667193FE86100ED6C3E;
			remoteInfo = "Tap Me";
		};
/* End PBXContainerItemProxy section */

/* Begin PBXFileReference section */
		470B1668193FE86100ED6C3E /* Tap Me.app */ = {isa = PBXFileReference; explicitFileType = wrapper.application; includeInIndex = 0; path = "Tap Me.app"; sourceTree = BUILT_PRODUCTS_DIR; };
		470B166B193FE86100ED6C3E /* Foundation.framework */ = {isa = PBXFileReference; lastKnownFileType = wrapper.framework; name = Foundation.framework; path = System/Library/Frameworks/Foundation.framework; sourceTree = SDKROOT; };
		470B166D193FE86100ED6C3E /* CoreGraphics.framework */ = {isa = PBXFileReference; lastKnownFileType = wrapper.framework; name = CoreGraphics.framework; path = System/Library/Frameworks/CoreGraphics.framework; sourceTree = SDKROOT; };
		470B166F193FE86100ED6C3E /* UIKit.framework */ = {isa = PBXFileReference; lastKnownFileType = wrapper.framework; name = UIKit.framework; path = System/Library/Frameworks/UIKit.framework; sourceTree = SDKROOT; };
		470B1673193FE86100ED6C3E /* Tap Me-Info.plist */ = {isa = PBXFileReference; lastKnownFileType = text.plist.xml; path = "Tap Me-Info.plist"; sourceTree = "<group>"; };
		470B1675193FE86100ED6C3E /* en */ = {isa = PBXFileReference; lastKnownFileType = text.plist.strings; name = en; path = en.lproj/InfoPlist.strings; sourceTree = "<group>"; };
		470B1677193FE86100ED6C3E /* main.m */ = {isa = PBXFileReference; lastKnownFileType = sourcecode.c.objc; path = main.m; sourceTree = "<group>"; };
		470B1679193FE86100ED6C3E /* Tap Me-Prefix.pch */ = {isa = PBXFileReference; lastKnownFileType = sourcecode.c.h; path = "Tap Me-Prefix.pch"; sourceTree = "<group>"; };
		470B167A193FE86100ED6C3E /* AppDelegate.h */ = {isa = PBXFileReference; lastKnownFileType = sourcecode.c.h; path = AppDelegate.h; sourceTree = "<group>"; };
		470B167B193FE86100ED6C3E /* AppDelegate.m */ = {isa = PBXFileReference; lastKnownFileType = sourcecode.c.objc; path = AppDelegate.m; sourceTree = "<group>"; };
		470B167E193FE86100ED6C3E /* Base */ = {isa = PBXFileReference; lastKnownFileType = file.storyboard; name = Base; path = Base.lproj/Main.storyboard; sourceTree = "<group>"; };
		470B1680193FE86100ED6C3E /* ViewController.h */ = {isa = PBXFileReference; lastKnownFileType = sourcecode.c.h; path = ViewController.h; sourceTree = "<group>"; };
		470B1681193FE86100ED6C3E /* ViewController.m */ = {isa = PBXFileReference; lastKnownFileType = sourcecode.c.objc; path = ViewController.m; sourceTree = "<group>"; };
		470B1683193FE86100ED6C3E /* Images.xcassets */ = {isa = PBXFileReference; lastKnownFileType = folder.assetcatalog; path = Images.xcassets; sourceTree = "<group>"; };
		470B1689193FE86100ED6C3E /* Tap MeTests.xctest */ = {isa = PBXFileReference; explicitFileType = wrapper.cfbundle; includeInIndex = 0; path = "Tap MeTests.xctest"; sourceTree = BUILT_PRODUCTS_DIR; };
		470B168A193FE86100ED6C3E /* XCTest.framework */ = {isa = PBXFileReference; lastKnownFileType = wrapper.framework; name = XCTest.framework; path = Library/Frameworks/XCTest.framework; sourceTree = DEVELOPER_DIR; };
		470B1692193FE86100ED6C3E /* Tap MeTests-Info.plist */ = {isa = PBXFileReference; lastKnownFileType = text.plist.xml; path = "Tap MeTests-Info.plist"; sourceTree = "<group>"; };
		470B1694193FE86100ED6C3E /* en */ = {isa = PBXFileReference; lastKnownFileType = text.plist.strings; name = en; path = en.lproj/InfoPlist.strings; sourceTree = "<group>"; };
		470B1696193FE86100ED6C3E /* Tap_MeTests.m */ = {isa = PBXFileReference; lastKnownFileType = sourcecode.c.objc; path = Tap_MeTests.m; sourceTree = "<group>"; };
		4794375C19412A7800516917 /* bg_tile.png */ = {isa = PBXFileReference; lastKnownFileType = image.png; path = bg_tile.png; sourceTree = "<group>"; };
		4794375D19412A7800516917 /* bg_tile@2x.png */ = {isa = PBXFileReference; lastKnownFileType = image.png; path = "bg_tile@2x.png"; sourceTree = "<group>"; };
		4794375E19412A7800516917 /* button_tap_deselected.png */ = {isa = PBXFileReference; lastKnownFileType = image.png; path = button_tap_deselected.png; sourceTree = "<group>"; };
		4794375F19412A7800516917 /* button_tap_deselected@2x.png */ = {isa = PBXFileReference; lastKnownFileType = image.png; path = "button_tap_deselected@2x.png"; sourceTree = "<group>"; };
		4794376019412A7800516917 /* button_tap_selected.png */ = {isa = PBXFileReference; lastKnownFileType = image.png; path = button_tap_selected.png; sourceTree = "<group>"; };
		4794376119412A7800516917 /* button_tap_selected@2x.png */ = {isa = PBXFileReference; lastKnownFileType = image.png; path = "button_tap_selected@2x.png"; sourceTree = "<group>"; };
		4794376219412A7800516917 /* ButtonTap.wav */ = {isa = PBXFileReference; lastKnownFileType = audio.wav; path = ButtonTap.wav; sourceTree = "<group>"; };
		4794376319412A7800516917 /* checker_bottom.png */ = {isa = PBXFileReference; lastKnownFileType = image.png; path = checker_bottom.png; sourceTree = "<group>"; };
		4794376419412A7800516917 /* checker_bottom@2x.png */ = {isa = PBXFileReference; lastKnownFileType = image.png; path = "checker_bottom@2x.png"; sourceTree = "<group>"; };
		4794376519412A7800516917 /* checker_top.png */ = {isa = PBXFileReference; lastKnownFileType = image.png; path = checker_top.png; sourceTree = "<group>"; };
		4794376619412A7800516917 /* checker_top@2x.png */ = {isa = PBXFileReference; lastKnownFileType = image.png; path = "checker_top@2x.png"; sourceTree = "<group>"; };
		4794376719412A7800516917 /* field_score.png */ = {isa = PBXFileReference; lastKnownFileType = image.png; path = field_score.png; sourceTree = "<group>"; };
		4794376819412A7800516917 /* field_score@2x.png */ = {isa = PBXFileReference; lastKnownFileType = image.png; path = "field_score@2x.png"; sourceTree = "<group>"; };
		4794376919412A7800516917 /* field_time.png */ = {isa = PBXFileReference; lastKnownFileType = image.png; path = field_time.png; sourceTree = "<group>"; };
		4794376A19412A7800516917 /* field_time@2x.png */ = {isa = PBXFileReference; lastKnownFileType = image.png; path = "field_time@2x.png"; sourceTree = "<group>"; };
		4794376B19412A7800516917 /* HallOfTheMountainKing.mp3 */ = {isa = PBXFileReference; lastKnownFileType = audio.mp3; path = HallOfTheMountainKing.mp3; sourceTree = "<group>"; };
		4794376C19412A7800516917 /* SecondBeep.wav */ = {isa = PBXFileReference; lastKnownFileType = audio.wav; path = SecondBeep.wav; sourceTree = "<group>"; };
		4794377E194131E200516917 /* AVFoundation.framework */ = {isa = PBXFileReference; lastKnownFileType = wrapper.framework; name = AVFoundation.framework; path = System/Library/Frameworks/AVFoundation.framework; sourceTree = SDKROOT; };
/* End PBXFileReference section */

/* Begin PBXFrameworksBuildPhase section */
		470B1665193FE86100ED6C3E /* Frameworks */ = {
			isa = PBXFrameworksBuildPhase;
			buildActionMask = 2147483647;
			files = (
				4794377F194131E200516917 /* AVFoundation.framework in Frameworks */,
				470B166E193FE86100ED6C3E /* CoreGraphics.framework in Frameworks */,
				470B1670193FE86100ED6C3E /* UIKit.framework in Frameworks */,
				470B166C193FE86100ED6C3E /* Foundation.framework in Frameworks */,
			);
			runOnlyForDeploymentPostprocessing = 0;
		};
		470B1686193FE86100ED6C3E /* Frameworks */ = {
			isa = PBXFrameworksBuildPhase;
			buildActionMask = 2147483647;
			files = (
				470B168B193FE86100ED6C3E /* XCTest.framework in Frameworks */,
				470B168D193FE86100ED6C3E /* UIKit.framework in Frameworks */,
				470B168C193FE86100ED6C3E /* Foundation.framework in Frameworks */,
			);
			runOnlyForDeploymentPostprocessing = 0;
		};
/* End PBXFrameworksBuildPhase section */

/* Begin PBXGroup section */
		470B165F193FE86100ED6C3E = {
			isa = PBXGroup;
			children = (
				470B1671193FE86100ED6C3E /* Tap Me */,
				470B1690193FE86100ED6C3E /* Tap MeTests */,
				470B166A193FE86100ED6C3E /* Frameworks */,
				470B1669193FE86100ED6C3E /* Products */,
			);
			sourceTree = "<group>";
		};
		470B1669193FE86100ED6C3E /* Products */ = {
			isa = PBXGroup;
			children = (
				470B1668193FE86100ED6C3E /* Tap Me.app */,
				470B1689193FE86100ED6C3E /* Tap MeTests.xctest */,
			);
			name = Products;
			sourceTree = "<group>";
		};
		470B166A193FE86100ED6C3E /* Frameworks */ = {
			isa = PBXGroup;
			children = (
				4794377E194131E200516917 /* AVFoundation.framework */,
				470B166B193FE86100ED6C3E /* Foundation.framework */,
				470B166D193FE86100ED6C3E /* CoreGraphics.framework */,
				470B166F193FE86100ED6C3E /* UIKit.framework */,
				470B168A193FE86100ED6C3E /* XCTest.framework */,
			);
			name = Frameworks;
			sourceTree = "<group>";
		};
		470B1671193FE86100ED6C3E /* Tap Me */ = {
			isa = PBXGroup;
			children = (
				470B167A193FE86100ED6C3E /* AppDelegate.h */,
				470B167B193FE86100ED6C3E /* AppDelegate.m */,
				470B167D193FE86100ED6C3E /* Main.storyboard */,
				470B1680193FE86100ED6C3E /* ViewController.h */,
				470B1681193FE86100ED6C3E /* ViewController.m */,
				470B1683193FE86100ED6C3E /* Images.xcassets */,
				470B1672193FE86100ED6C3E /* Supporting Files */,
			);
			path = "Tap Me";
			sourceTree = "<group>";
		};
		470B1672193FE86100ED6C3E /* Supporting Files */ = {
			isa = PBXGroup;
			children = (
				4794375C19412A7800516917 /* bg_tile.png */,
				4794375D19412A7800516917 /* bg_tile@2x.png */,
				4794375E19412A7800516917 /* button_tap_deselected.png */,
				4794375F19412A7800516917 /* button_tap_deselected@2x.png */,
				4794376019412A7800516917 /* button_tap_selected.png */,
				4794376119412A7800516917 /* button_tap_selected@2x.png */,
				4794376219412A7800516917 /* ButtonTap.wav */,
				4794376319412A7800516917 /* checker_bottom.png */,
				4794376419412A7800516917 /* checker_bottom@2x.png */,
				4794376519412A7800516917 /* checker_top.png */,
				4794376619412A7800516917 /* checker_top@2x.png */,
				4794376719412A7800516917 /* field_score.png */,
				4794376819412A7800516917 /* field_score@2x.png */,
				4794376919412A7800516917 /* field_time.png */,
				4794376A19412A7800516917 /* field_time@2x.png */,
				4794376B19412A7800516917 /* HallOfTheMountainKing.mp3 */,
				4794376C19412A7800516917 /* SecondBeep.wav */,
				470B1673193FE86100ED6C3E /* Tap Me-Info.plist */,
				470B1674193FE86100ED6C3E /* InfoPlist.strings */,
				470B1677193FE86100ED6C3E /* main.m */,
				470B1679193FE86100ED6C3E /* Tap Me-Prefix.pch */,
			);
			name = "Supporting Files";
			sourceTree = "<group>";
		};
		470B1690193FE86100ED6C3E /* Tap MeTests */ = {
			isa = PBXGroup;
			children = (
				470B1696193FE86100ED6C3E /* Tap_MeTests.m */,
				470B1691193FE86100ED6C3E /* Supporting Files */,
			);
			path = "Tap MeTests";
			sourceTree = "<group>";
		};
		470B1691193FE86100ED6C3E /* Supporting Files */ = {
			isa = PBXGroup;
			children = (
				470B1692193FE86100ED6C3E /* Tap MeTests-Info.plist */,
				470B1693193FE86100ED6C3E /* InfoPlist.strings */,
			);
			name = "Supporting Files";
			sourceTree = "<group>";
		};
/* End PBXGroup section */

/* Begin PBXNativeTarget section */
		470B1667193FE86100ED6C3E /* Tap Me */ = {
			isa = PBXNativeTarget;
			buildConfigurationList = 470B169A193FE86100ED6C3E /* Build configuration list for PBXNativeTarget "Tap Me" */;
			buildPhases = (
				470B1664193FE86100ED6C3E /* Sources */,
				470B1665193FE86100ED6C3E /* Frameworks */,
				470B1666193FE86100ED6C3E /* Resources */,
			);
			buildRules = (
			);
			dependencies = (
			);
			name = "Tap Me";
			productName = "Tap Me";
			productReference = 470B1668193FE86100ED6C3E /* Tap Me.app */;
			productType = "com.apple.product-type.application";
		};
		470B1688193FE86100ED6C3E /* Tap MeTests */ = {
			isa = PBXNativeTarget;
			buildConfigurationList = 470B169D193FE86100ED6C3E /* Build configuration list for PBXNativeTarget "Tap MeTests" */;
			buildPhases = (
				470B1685193FE86100ED6C3E /* Sources */,
				470B1686193FE86100ED6C3E /* Frameworks */,
				470B1687193FE86100ED6C3E /* Resources */,
			);
			buildRules = (
			);
			dependencies = (
				470B168F193FE86100ED6C3E /* PBXTargetDependency */,
			);
			name = "Tap MeTests";
			productName = "Tap MeTests";
			productReference = 470B1689193FE86100ED6C3E /* Tap MeTests.xctest */;
			productType = "com.apple.product-type.bundle.unit-test";
		};
/* End PBXNativeTarget section */

/* Begin PBXProject section */
		470B1660193FE86100ED6C3E /* Project object */ = {
			isa = PBXProject;
			attributes = {
				LastUpgradeCheck = 0510;
				TargetAttributes = {
					470B1688193FE86100ED6C3E = {
						TestTargetID = 470B1667193FE86100ED6C3E;
					};
				};
			};
			buildConfigurationList = 470B1663193FE86100ED6C3E /* Build configuration list for PBXProject "Tap Me" */;
			compatibilityVersion = "Xcode 3.2";
			developmentRegion = English;
			hasScannedForEncodings = 0;
			knownRegions = (
				en,
				Base,
			);
			mainGroup = 470B165F193FE86100ED6C3E;
			productRefGroup = 470B1669193FE86100ED6C3E /* Products */;
			projectDirPath = "";
			projectRoot = "";
			targets = (
				470B1667193FE86100ED6C3E /* Tap Me */,
				470B1688193FE86100ED6C3E /* Tap MeTests */,
			);
		};
/* End PBXProject section */

/* Begin PBXResourcesBuildPhase section */
		470B1666193FE86100ED6C3E /* Resources */ = {
			isa = PBXResourcesBuildPhase;
			buildActionMask = 2147483647;
			files = (
				4794376D19412A7800516917 /* bg_tile.png in Resources */,
				470B1684193FE86100ED6C3E /* Images.xcassets in Resources */,
				4794377B19412A7800516917 /* field_time@2x.png in Resources */,
				4794377119412A7800516917 /* button_tap_selected.png in Resources */,
				470B1676193FE86100ED6C3E /* InfoPlist.strings in Resources */,
				4794377219412A7800516917 /* button_tap_selected@2x.png in Resources */,
				4794377D19412A7800516917 /* SecondBeep.wav in Resources */,
				4794376F19412A7800516917 /* button_tap_deselected.png in Resources */,
				4794377719412A7800516917 /* checker_top@2x.png in Resources */,
				470B167F193FE86100ED6C3E /* Main.storyboard in Resources */,
				4794377419412A7800516917 /* checker_bottom.png in Resources */,
				4794377619412A7800516917 /* checker_top.png in Resources */,
				4794377019412A7800516917 /* button_tap_deselected@2x.png in Resources */,
				4794377819412A7800516917 /* field_score.png in Resources */,
				4794377A19412A7800516917 /* field_time.png in Resources */,
				4794377319412A7800516917 /* ButtonTap.wav in Resources */,
				4794376E19412A7800516917 /* bg_tile@2x.png in Resources */,
				4794377919412A7800516917 /* field_score@2x.png in Resources */,
				4794377519412A7800516917 /* checker_bottom@2x.png in Resources */,
				4794377C19412A7800516917 /* HallOfTheMountainKing.mp3 in Resources */,
			);
			runOnlyForDeploymentPostprocessing = 0;
		};
		470B1687193FE86100ED6C3E /* Resources */ = {
			isa = PBXResourcesBuildPhase;
			buildActionMask = 2147483647;
			files = (
				470B1695193FE86100ED6C3E /* InfoPlist.strings in Resources */,
			);
			runOnlyForDeploymentPostprocessing = 0;
		};
/* End PBXResourcesBuildPhase section */

/* Begin PBXSourcesBuildPhase section */
		470B1664193FE86100ED6C3E /* Sources */ = {
			isa = PBXSourcesBuildPhase;
			buildActionMask = 2147483647;
			files = (
				470B1682193FE86100ED6C3E /* ViewController.m in Sources */,
				470B167C193FE86100ED6C3E /* AppDelegate.m in Sources */,
				470B1678193FE86100ED6C3E /* main.m in Sources */,
			);
			runOnlyForDeploymentPostprocessing = 0;
		};
		470B1685193FE86100ED6C3E /* Sources */ = {
			isa = PBXSourcesBuildPhase;
			buildActionMask = 2147483647;
			files = (
				470B1697193FE86100ED6C3E /* Tap_MeTests.m in Sources */,
			);
			runOnlyForDeploymentPostprocessing = 0;
		};
/* End PBXSourcesBuildPhase section */

/* Begin PBXTargetDependency section */
		470B168F193FE86100ED6C3E /* PBXTargetDependency */ = {
			isa = PBXTargetDependency;
			target = 470B1667193FE86100ED6C3E /* Tap Me */;
			targetProxy = 470B168E193FE86100ED6C3E /* PBXContainerItemProxy */;
		};
/* End PBXTargetDependency section */

/* Begin PBXVariantGroup section */
		470B1674193FE86100ED6C3E /* InfoPlist.strings */ = {
			isa = PBXVariantGroup;
			children = (
				470B1675193FE86100ED6C3E /* en */,
			);
			name = InfoPlist.strings;
			sourceTree = "<group>";
		};
		470B167D193FE86100ED6C3E /* Main.storyboard */ = {
			isa = PBXVariantGroup;
			children = (
				470B167E193FE86100ED6C3E /* Base */,
			);
			name = Main.storyboard;
			sourceTree = "<group>";
		};
		470B1693193FE86100ED6C3E /* InfoPlist.strings */ = {
			isa = PBXVariantGroup;
			children = (
				470B1694193FE86100ED6C3E /* en */,
			);
			name = InfoPlist.strings;
			sourceTree = "<group>";
		};
/* End PBXVariantGroup section */

/* Begin XCBuildConfiguration section */
		470B1698193FE86100ED6C3E /* Debug */ = {
			isa = XCBuildConfiguration;
			buildSettings = {
				ALWAYS_SEARCH_USER_PATHS = NO;
				CLANG_CXX_LANGUAGE_STANDARD = "gnu++0x";
				CLANG_CXX_LIBRARY = "libc++";
				CLANG_ENABLE_MODULES = YES;
				CLANG_ENABLE_OBJC_ARC = YES;
				CLANG_WARN_BOOL_CONVERSION = YES;
				CLANG_WARN_CONSTANT_CONVERSION = YES;
				CLANG_WARN_DIRECT_OBJC_ISA_USAGE = YES_ERROR;
				CLANG_WARN_EMPTY_BODY = YES;
				CLANG_WARN_ENUM_CONVERSION = YES;
				CLANG_WARN_INT_CONVERSION = YES;
				CLANG_WARN_OBJC_ROOT_CLASS = YES_ERROR;
				CLANG_WARN__DUPLICATE_METHOD_MATCH = YES;
				"CODE_SIGN_IDENTITY[sdk=iphoneos*]" = "iPhone Developer";
				COPY_PHASE_STRIP = NO;
				GCC_C_LANGUAGE_STANDARD = gnu99;
				GCC_DYNAMIC_NO_PIC = NO;
				GCC_OPTIMIZATION_LEVEL = 0;
				GCC_PREPROCESSOR_DEFINITIONS = (
					"DEBUG=1",
					"$(inherited)",
				);
				GCC_SYMBOLS_PRIVATE_EXTERN = NO;
				GCC_WARN_64_TO_32_BIT_CONVERSION = YES;
				GCC_WARN_ABOUT_RETURN_TYPE = YES_ERROR;
				GCC_WARN_UNDECLARED_SELECTOR = YES;
				GCC_WARN_UNINITIALIZED_AUTOS = YES_AGGRESSIVE;
				GCC_WARN_UNUSED_FUNCTION = YES;
				GCC_WARN_UNUSED_VARIABLE = YES;
				IPHONEOS_DEPLOYMENT_TARGET = 7.1;
				ONLY_ACTIVE_ARCH = YES;
				SDKROOT = iphoneos;
			};
			name = Debug;
		};
		470B1699193FE86100ED6C3E /* Release */ = {
			isa = XCBuildConfiguration;
			buildSettings = {
				ALWAYS_SEARCH_USER_PATHS = NO;
				CLANG_CXX_LANGUAGE_STANDARD = "gnu++0x";
				CLANG_CXX_LIBRARY = "libc++";
				CLANG_ENABLE_MODULES = YES;
				CLANG_ENABLE_OBJC_ARC = YES;
				CLANG_WARN_BOOL_CONVERSION = YES;
				CLANG_WARN_CONSTANT_CONVERSION = YES;
				CLANG_WARN_DIRECT_OBJC_ISA_USAGE = YES_ERROR;
				CLANG_WARN_EMPTY_BODY = YES;
				CLANG_WARN_ENUM_CONVERSION = YES;
				CLANG_WARN_INT_CONVERSION = YES;
				CLANG_WARN_OBJC_ROOT_CLASS = YES_ERROR;
				CLANG_WARN__DUPLICATE_METHOD_MATCH = YES;
				"CODE_SIGN_IDENTITY[sdk=iphoneos*]" = "iPhone Developer";
				COPY_PHASE_STRIP = YES;
				ENABLE_NS_ASSERTIONS = NO;
				GCC_C_LANGUAGE_STANDARD = gnu99;
				GCC_WARN_64_TO_32_BIT_CONVERSION = YES;
				GCC_WARN_ABOUT_RETURN_TYPE = YES_ERROR;
				GCC_WARN_UNDECLARED_SELECTOR = YES;
				GCC_WARN_UNINITIALIZED_AUTOS = YES_AGGRESSIVE;
				GCC_WARN_UNUSED_FUNCTION = YES;
				GCC_WARN_UNUSED_VARIABLE = YES;
				IPHONEOS_DEPLOYMENT_TARGET = 7.1;
				SDKROOT = iphoneos;
				VALIDATE_PRODUCT = YES;
			};
			name = Release;
		};
		470B169B193FE86100ED6C3E /* Debug */ = {
			isa = XCBuildConfiguration;
			buildSettings = {
				ASSETCATALOG_COMPILER_APPICON_NAME = AppIcon;
				ASSETCATALOG_COMPILER_LAUNCHIMAGE_NAME = LaunchImage;
				GCC_PRECOMPILE_PREFIX_HEADER = YES;
				GCC_PREFIX_HEADER = "Tap Me/Tap Me-Prefix.pch";
				INFOPLIST_FILE = "Tap Me/Tap Me-Info.plist";
				PRODUCT_NAME = "$(TARGET_NAME)";
				WRAPPER_EXTENSION = app;
			};
			name = Debug;
		};
		470B169C193FE86100ED6C3E /* Release */ = {
			isa = XCBuildConfiguration;
			buildSettings = {
				ASSETCATALOG_COMPILER_APPICON_NAME = AppIcon;
				ASSETCATALOG_COMPILER_LAUNCHIMAGE_NAME = LaunchImage;
				GCC_PRECOMPILE_PREFIX_HEADER = YES;
				GCC_PREFIX_HEADER = "Tap Me/Tap Me-Prefix.pch";
				INFOPLIST_FILE = "Tap Me/Tap Me-Info.plist";
				PRODUCT_NAME = "$(TARGET_NAME)";
				WRAPPER_EXTENSION = app;
			};
			name = Release;
		};
		470B169E193FE86100ED6C3E /* Debug */ = {
			isa = XCBuildConfiguration;
			buildSettings = {
				BUNDLE_LOADER = "$(BUILT_PRODUCTS_DIR)/Tap Me.app/Tap Me";
				FRAMEWORK_SEARCH_PATHS = (
					"$(SDKROOT)/Developer/Library/Frameworks",
					"$(inherited)",
					"$(DEVELOPER_FRAMEWORKS_DIR)",
				);
				GCC_PRECOMPILE_PREFIX_HEADER = YES;
				GCC_PREFIX_HEADER = "Tap Me/Tap Me-Prefix.pch";
				GCC_PREPROCESSOR_DEFINITIONS = (
					"DEBUG=1",
					"$(inherited)",
				);
				INFOPLIST_FILE = "Tap MeTests/Tap MeTests-Info.plist";
				PRODUCT_NAME = "$(TARGET_NAME)";
				TEST_HOST = "$(BUNDLE_LOADER)";
				WRAPPER_EXTENSION = xctest;
			};
			name = Debug;
		};
		470B169F193FE86100ED6C3E /* Release */ = {
			isa = XCBuildConfiguration;
			buildSettings = {
				BUNDLE_LOADER = "$(BUILT_PRODUCTS_DIR)/Tap Me.app/Tap Me";
				FRAMEWORK_SEARCH_PATHS = (
					"$(SDKROOT)/Developer/Library/Frameworks",
					"$(inherited)",
					"$(DEVELOPER_FRAMEWORKS_DIR)",
				);
				GCC_PRECOMPILE_PREFIX_HEADER = YES;
				GCC_PREFIX_HEADER = "Tap Me/Tap Me-Prefix.pch";
				INFOPLIST_FILE = "Tap MeTests/Tap MeTests-Info.plist";
				PRODUCT_NAME = "$(TARGET_NAME)";
				TEST_HOST = "$(BUNDLE_LOADER)";
				WRAPPER_EXTENSION = xctest;
			};
			name = Release;
		};
/* End XCBuildConfiguration section */

/* Begin XCConfigurationList section */
		470B1663193FE86100ED6C3E /* Build configuration list for PBXProject "Tap Me" */ = {
			isa = XCConfigurationList;
			buildConfigurations = (
				470B1698193FE86100ED6C3E /* Debug */,
				470B1699193FE86100ED6C3E /* Release */,
			);
			defaultConfigurationIsVisible = 0;
			defaultConfigurationName = Release;
		};
		470B169A193FE86100ED6C3E /* Build configuration list for PBXNativeTarget "Tap Me" */ = {
			isa = XCConfigurationList;
			buildConfigurations = (
				470B169B193FE86100ED6C3E /* Debug */,
				470B169C193FE86100ED6C3E /* Release */,
			);
			defaultConfigurationIsVisible = 0;
			defaultConfigurationName = Release;
		};
		470B169D193FE86100ED6C3E /* Build configuration list for PBXNativeTarget "Tap MeTests" */ = {
			isa = XCConfigurationList;
			buildConfigurations = (
				470B169E193FE86100ED6C3E /* Debug */,
				470B169F193FE86100ED6C3E /* Release */,
			);
			defaultConfigurationIsVisible = 0;
			defaultConfigurationName = Release;
		};
/* End XCConfigurationList section */
	};
	rootObject = 470B1660193FE86100ED6C3E /* Project object */;
}
